
Microsoft Visual Studio Solution File, Format Version 12.00
# Visual Studio Version 17
VisualStudioVersion = 17.11.35222.181
MinimumVisualStudioVersion = 10.0.40219.1
Project("{FAE04EC0-301F-11D3-BF4B-00C04F79EFBC}") = "typingMaster", "typingMaster.csproj", "{12CC8DEB-5335-4D58-A425-CA21868EAAA2}"
EndProject
Global
	GlobalSection(SolutionConfigurationPlatforms) = preSolution
		Debug|Any CPU = Debug|Any CPU
		Release|Any CPU = Release|Any CPU
	EndGlobalSection
	GlobalSection(ProjectConfigurationPlatforms) = postSolution
		{12CC8DEB-5335-4D58-A425-CA21868EAAA2}.Debug|Any CPU.ActiveCfg = Debug|Any CPU
		{12CC8DEB-5335-4D58-A425-CA21868EAAA2}.Debug|Any CPU.Build.0 = Debug|Any CPU
		{12CC8DEB-5335-4D58-A425-CA21868EAAA2}.Release|Any CPU.ActiveCfg = Release|Any CPU
		{12CC8DEB-5335-4D58-A425-CA21868EAAA2}.Release|Any CPU.Build.0 = Release|Any CPU
	EndGlobalSection
	GlobalSection(SolutionProperties) = preSolution
		HideSolutionNode = FALSE
	EndGlobalSection
	GlobalSection(ExtensibilityGlobals) = postSolution
		SolutionGuid = {9344749C-93A3-4036-9C26-49D829EF4A04}
	EndGlobalSection
EndGlobal
