
Microsoft Visual Studio Solution File, Format Version 12.00
# Visual Studio Version 17
VisualStudioVersion = 17.10.35027.167
MinimumVisualStudioVersion = 10.0.40219.1
Project("{FAE04EC0-301F-11D3-BF4B-00C04F79EFBC}") = "RecursionPractice", "RecursionPractice.csproj", "{17275782-9375-4D12-ADDF-1D685246F1D2}"
EndProject
Global
	GlobalSection(SolutionConfigurationPlatforms) = preSolution
		Debug|Any CPU = Debug|Any CPU
		Release|Any CPU = Release|Any CPU
	EndGlobalSection
	GlobalSection(ProjectConfigurationPlatforms) = postSolution
		{17275782-9375-4D12-ADDF-1D685246F1D2}.Debug|Any CPU.ActiveCfg = Debug|Any CPU
		{17275782-9375-4D12-ADDF-1D685246F1D2}.Debug|Any CPU.Build.0 = Debug|Any CPU
		{17275782-9375-4D12-ADDF-1D685246F1D2}.Release|Any CPU.ActiveCfg = Release|Any CPU
		{17275782-9375-4D12-ADDF-1D685246F1D2}.Release|Any CPU.Build.0 = Release|Any CPU
	EndGlobalSection
	GlobalSection(SolutionProperties) = preSolution
		HideSolutionNode = FALSE
	EndGlobalSection
	GlobalSection(ExtensibilityGlobals) = postSolution
		SolutionGuid = {A00231B1-7768-4AF6-B2EB-3DF629B5B19B}
	EndGlobalSection
EndGlobal
