
Microsoft Visual Studio Solution File, Format Version 12.00
# Visual Studio Version 17
VisualStudioVersion = 17.10.35027.167
MinimumVisualStudioVersion = 10.0.40219.1
Project("{FAE04EC0-301F-11D3-BF4B-00C04F79EFBC}") = "PolymorphismPractice", "PolymorphismPractice.csproj", "{B3A535BD-A066-41FF-87A1-BCCEF494997F}"
EndProject
Global
	GlobalSection(SolutionConfigurationPlatforms) = preSolution
		Debug|Any CPU = Debug|Any CPU
		Release|Any CPU = Release|Any CPU
	EndGlobalSection
	GlobalSection(ProjectConfigurationPlatforms) = postSolution
		{B3A535BD-A066-41FF-87A1-BCCEF494997F}.Debug|Any CPU.ActiveCfg = Debug|Any CPU
		{B3A535BD-A066-41FF-87A1-BCCEF494997F}.Debug|Any CPU.Build.0 = Debug|Any CPU
		{B3A535BD-A066-41FF-87A1-BCCEF494997F}.Release|Any CPU.ActiveCfg = Release|Any CPU
		{B3A535BD-A066-41FF-87A1-BCCEF494997F}.Release|Any CPU.Build.0 = Release|Any CPU
	EndGlobalSection
	GlobalSection(SolutionProperties) = preSolution
		HideSolutionNode = FALSE
	EndGlobalSection
	GlobalSection(ExtensibilityGlobals) = postSolution
		SolutionGuid = {FE6E1677-FBF8-4FDC-B489-C915C77328E8}
	EndGlobalSection
EndGlobal
