
Microsoft Visual Studio Solution File, Format Version 12.00
# Visual Studio Version 17
VisualStudioVersion = 17.10.35013.160
MinimumVisualStudioVersion = 10.0.40219.1
Project("{FAE04EC0-301F-11D3-BF4B-00C04F79EFBC}") = "c#_Basics", "c#_Basics\c#_Basics.csproj", "{0BB1BD2A-9AE2-4414-B22A-4BF6431E8322}"
EndProject
Global
	GlobalSection(SolutionConfigurationPlatforms) = preSolution
		Debug|Any CPU = Debug|Any CPU
		Release|Any CPU = Release|Any CPU
	EndGlobalSection
	GlobalSection(ProjectConfigurationPlatforms) = postSolution
		{0BB1BD2A-9AE2-4414-B22A-4BF6431E8322}.Debug|Any CPU.ActiveCfg = Debug|Any CPU
		{0BB1BD2A-9AE2-4414-B22A-4BF6431E8322}.Debug|Any CPU.Build.0 = Debug|Any CPU
		{0BB1BD2A-9AE2-4414-B22A-4BF6431E8322}.Release|Any CPU.ActiveCfg = Release|Any CPU
		{0BB1BD2A-9AE2-4414-B22A-4BF6431E8322}.Release|Any CPU.Build.0 = Release|Any CPU
	EndGlobalSection
	GlobalSection(SolutionProperties) = preSolution
		HideSolutionNode = FALSE
	EndGlobalSection
	GlobalSection(ExtensibilityGlobals) = postSolution
		SolutionGuid = {BA546027-CD32-4B76-A5EC-1FAFC2024224}
	EndGlobalSection
EndGlobal
