
Microsoft Visual Studio Solution File, Format Version 12.00
# Visual Studio Version 17
VisualStudioVersion = 17.10.35013.160
MinimumVisualStudioVersion = 10.0.40219.1
Project("{FAE04EC0-301F-11D3-BF4B-00C04F79EFBC}") = "NumberGuessingGame", "NumberGuessingGame\NumberGuessingGame.csproj", "{795F141C-F8F7-4DC7-BCCF-C2BA93A359C8}"
EndProject
Project("{FAE04EC0-301F-11D3-BF4B-00C04F79EFBC}") = "AdvanceProgramming", "AdvanceProgramming\AdvanceProgramming.csproj", "{47922552-8A9F-4B64-AC61-5C69ADA63544}"
EndProject
Global
	GlobalSection(SolutionConfigurationPlatforms) = preSolution
		Debug|Any CPU = Debug|Any CPU
		Release|Any CPU = Release|Any CPU
	EndGlobalSection
	GlobalSection(ProjectConfigurationPlatforms) = postSolution
		{795F141C-F8F7-4DC7-BCCF-C2BA93A359C8}.Debug|Any CPU.ActiveCfg = Debug|Any CPU
		{795F141C-F8F7-4DC7-BCCF-C2BA93A359C8}.Debug|Any CPU.Build.0 = Debug|Any CPU
		{795F141C-F8F7-4DC7-BCCF-C2BA93A359C8}.Release|Any CPU.ActiveCfg = Release|Any CPU
		{795F141C-F8F7-4DC7-BCCF-C2BA93A359C8}.Release|Any CPU.Build.0 = Release|Any CPU
		{47922552-8A9F-4B64-AC61-5C69ADA63544}.Debug|Any CPU.ActiveCfg = Debug|Any CPU
		{47922552-8A9F-4B64-AC61-5C69ADA63544}.Debug|Any CPU.Build.0 = Debug|Any CPU
		{47922552-8A9F-4B64-AC61-5C69ADA63544}.Release|Any CPU.ActiveCfg = Release|Any CPU
		{47922552-8A9F-4B64-AC61-5C69ADA63544}.Release|Any CPU.Build.0 = Release|Any CPU
	EndGlobalSection
	GlobalSection(SolutionProperties) = preSolution
		HideSolutionNode = FALSE
	EndGlobalSection
	GlobalSection(ExtensibilityGlobals) = postSolution
		SolutionGuid = {4C7FF94F-2FFF-4A60-BC59-268AB10FBEFE}
	EndGlobalSection
EndGlobal
