
Microsoft Visual Studio Solution File, Format Version 12.00
# Visual Studio Version 17
VisualStudioVersion = 17.10.35027.167
MinimumVisualStudioVersion = 10.0.40219.1
Project("{FAE04EC0-301F-11D3-BF4B-00C04F79EFBC}") = "PropertiesPractice", "PropertiesPractice.csproj", "{34E2559B-5866-473B-8AC8-6E5FA8572540}"
EndProject
Global
	GlobalSection(SolutionConfigurationPlatforms) = preSolution
		Debug|Any CPU = Debug|Any CPU
		Release|Any CPU = Release|Any CPU
	EndGlobalSection
	GlobalSection(ProjectConfigurationPlatforms) = postSolution
		{34E2559B-5866-473B-8AC8-6E5FA8572540}.Debug|Any CPU.ActiveCfg = Debug|Any CPU
		{34E2559B-5866-473B-8AC8-6E5FA8572540}.Debug|Any CPU.Build.0 = Debug|Any CPU
		{34E2559B-5866-473B-8AC8-6E5FA8572540}.Release|Any CPU.ActiveCfg = Release|Any CPU
		{34E2559B-5866-473B-8AC8-6E5FA8572540}.Release|Any CPU.Build.0 = Release|Any CPU
	EndGlobalSection
	GlobalSection(SolutionProperties) = preSolution
		HideSolutionNode = FALSE
	EndGlobalSection
	GlobalSection(ExtensibilityGlobals) = postSolution
		SolutionGuid = {CD22B061-C0BC-4593-93CF-86C6490B569A}
	EndGlobalSection
EndGlobal
