
Microsoft Visual Studio Solution File, Format Version 12.00
# Visual Studio Version 17
VisualStudioVersion = 17.10.35013.160
MinimumVisualStudioVersion = 10.0.40219.1
Project("{FAE04EC0-301F-11D3-BF4B-00C04F79EFBC}") = "ExceptionHandling", "ExceptionHandling.csproj", "{7E2ED709-1F41-46FE-8CBA-6AFC231F3770}"
EndProject
Global
	GlobalSection(SolutionConfigurationPlatforms) = preSolution
		Debug|Any CPU = Debug|Any CPU
		Release|Any CPU = Release|Any CPU
	EndGlobalSection
	GlobalSection(ProjectConfigurationPlatforms) = postSolution
		{7E2ED709-1F41-46FE-8CBA-6AFC231F3770}.Debug|Any CPU.ActiveCfg = Debug|Any CPU
		{7E2ED709-1F41-46FE-8CBA-6AFC231F3770}.Debug|Any CPU.Build.0 = Debug|Any CPU
		{7E2ED709-1F41-46FE-8CBA-6AFC231F3770}.Release|Any CPU.ActiveCfg = Release|Any CPU
		{7E2ED709-1F41-46FE-8CBA-6AFC231F3770}.Release|Any CPU.Build.0 = Release|Any CPU
	EndGlobalSection
	GlobalSection(SolutionProperties) = preSolution
		HideSolutionNode = FALSE
	EndGlobalSection
	GlobalSection(ExtensibilityGlobals) = postSolution
		SolutionGuid = {C053584F-74CE-4253-B57F-1C4113D87C2E}
	EndGlobalSection
EndGlobal
