
Microsoft Visual Studio Solution File, Format Version 12.00
# Visual Studio Version 17
VisualStudioVersion = 17.11.35222.181
MinimumVisualStudioVersion = 10.0.40219.1
Project("{9A19103F-16F7-4668-BE54-9A1E7A4F7556}") = "BethanysPieShop", "BethanysPieShop.csproj", "{EB7418CB-11F9-4005-94BD-33E57D3AA5B8}"
EndProject
Project("{FAE04EC0-301F-11D3-BF4B-00C04F79EFBC}") = "BethanysPieShopTest1", "..\BethanysPieShopTest1\BethanysPieShopTest1.csproj", "{8287D383-C113-4006-9F8E-08F399136E16}"
EndProject
Global
	GlobalSection(SolutionConfigurationPlatforms) = preSolution
		Debug|Any CPU = Debug|Any CPU
		Release|Any CPU = Release|Any CPU
	EndGlobalSection
	GlobalSection(ProjectConfigurationPlatforms) = postSolution
		{EB7418CB-11F9-4005-94BD-33E57D3AA5B8}.Debug|Any CPU.ActiveCfg = Debug|Any CPU
		{EB7418CB-11F9-4005-94BD-33E57D3AA5B8}.Debug|Any CPU.Build.0 = Debug|Any CPU
		{EB7418CB-11F9-4005-94BD-33E57D3AA5B8}.Release|Any CPU.ActiveCfg = Release|Any CPU
		{EB7418CB-11F9-4005-94BD-33E57D3AA5B8}.Release|Any CPU.Build.0 = Release|Any CPU
		{8287D383-C113-4006-9F8E-08F399136E16}.Debug|Any CPU.ActiveCfg = Debug|Any CPU
		{8287D383-C113-4006-9F8E-08F399136E16}.Debug|Any CPU.Build.0 = Debug|Any CPU
		{8287D383-C113-4006-9F8E-08F399136E16}.Release|Any CPU.ActiveCfg = Release|Any CPU
		{8287D383-C113-4006-9F8E-08F399136E16}.Release|Any CPU.Build.0 = Release|Any CPU
	EndGlobalSection
	GlobalSection(SolutionProperties) = preSolution
		HideSolutionNode = FALSE
	EndGlobalSection
	GlobalSection(ExtensibilityGlobals) = postSolution
		SolutionGuid = {35E5DCA3-F646-42BA-93A1-1C0130ADF637}
	EndGlobalSection
EndGlobal
